<?xml version="1.0" encoding="utf-8"?>
<Project ToolsVersion="4.0" xmlns="http://schemas.microsoft.com/developer/msbuild/2003">
  <ItemGroup>
    <Filter Include="來源檔案">
      <UniqueIdentifier>{4FC737F1-C7A5-4376-A066-2A32D752A2FF}</UniqueIdentifier>
      <Extensions>cpp;c;cc;cxx;def;odl;idl;hpj;bat;asm;asmx</Extensions>
    </Filter>
    <Filter Include="標頭檔">
      <UniqueIdentifier>{93995380-89BD-4b04-88EB-625FBE52EBFB}</UniqueIdentifier>
      <Extensions>h;hh;hpp;hxx;hm;inl;inc;ipp;xsd</Extensions>
    </Filter>
    <Filter Include="Engine">
      <UniqueIdentifier>{bc6b8525-c9e6-4709-8586-77939a350363}</UniqueIdentifier>
    </Filter>
  </ItemGroup>
  <ItemGroup>
    <None Include="packages.config" />
  </ItemGroup>
  <ItemGroup>
    <ClCompile Include="BreakingBricks\Allegro5Exception.cpp">
      <Filter>Engine</Filter>
    </ClCompile>
    <ClCompile Include="BreakingBricks\Collider.cpp">
      <Filter>Engine</Filter>
    </ClCompile>
    <ClCompile Include="BreakingBricks\GameEngine.cpp">
      <Filter>Engine</Filter>
    </ClCompile>
    <ClCompile Include="BreakingBricks\Group.cpp">
      <Filter>Engine</Filter>
    </ClCompile>
    <ClCompile Include="BreakingBricks\IControl.cpp">
      <Filter>Engine</Filter>
    </ClCompile>
    <ClCompile Include="BreakingBricks\Image.cpp">
      <Filter>Engine</Filter>
    </ClCompile>
    <ClCompile Include="BreakingBricks\ImageButton.cpp">
      <Filter>Engine</Filter>
    </ClCompile>
    <ClCompile Include="BreakingBricks\IObject.cpp">
      <Filter>Engine</Filter>
    </ClCompile>
    <ClCompile Include="BreakingBricks\IScene.cpp">
      <Filter>Engine</Filter>
    </ClCompile>
    <ClCompile Include="BreakingBricks\Label.cpp">
      <Filter>Engine</Filter>
    </ClCompile>
    <ClCompile Include="BreakingBricks\LOG.cpp">
      <Filter>Engine</Filter>
    </ClCompile>
    <ClCompile Include="BreakingBricks\Point.cpp">
      <Filter>Engine</Filter>
    </ClCompile>
    <ClCompile Include="BreakingBricks\Resources.cpp">
      <Filter>Engine</Filter>
    </ClCompile>
    <ClCompile Include="BreakingBricks\Sprite.cpp">
      <Filter>Engine</Filter>
    </ClCompile>
    <ClCompile Include="BreakingBricks\Brick.cpp">
      <Filter>來源檔案</Filter>
    </ClCompile>
    <ClCompile Include="BreakingBricks\main.cpp">
      <Filter>來源檔案</Filter>
    </ClCompile>
    <ClCompile Include="BreakingBricks\PlayScene.cpp">
      <Filter>來源檔案</Filter>
    </ClCompile>
    <ClCompile Include="BreakingBricks\StartScene.cpp">
      <Filter>來源檔案</Filter>
    </ClCompile>
    <ClCompile Include="BreakingBricks\Ball.cpp">
      <Filter>來源檔案</Filter>
    </ClCompile>
    <ClCompile Include="BreakingBricks\AudioHelper.cpp">
      <Filter>Engine</Filter>
    </ClCompile>
    <ClCompile Include="BreakingBricks\ShopScene.cpp">
      <Filter>來源檔案</Filter>
    </ClCompile>
  </ItemGroup>
  <ItemGroup>
    <ClInclude Include="BreakingBricks\Brick.hpp">
      <Filter>標頭檔</Filter>
    </ClInclude>
    <ClInclude Include="BreakingBricks\PlayScene.hpp">
      <Filter>標頭檔</Filter>
    </ClInclude>
    <ClInclude Include="BreakingBricks\StartScene.hpp">
      <Filter>標頭檔</Filter>
    </ClInclude>
    <ClInclude Include="BreakingBricks\Allegro5Exception.hpp">
      <Filter>Engine</Filter>
    </ClInclude>
    <ClInclude Include="BreakingBricks\Collider.hpp">
      <Filter>Engine</Filter>
    </ClInclude>
    <ClInclude Include="BreakingBricks\GameEngine.hpp">
      <Filter>Engine</Filter>
    </ClInclude>
    <ClInclude Include="BreakingBricks\Group.hpp">
      <Filter>Engine</Filter>
    </ClInclude>
    <ClInclude Include="BreakingBricks\IControl.hpp">
      <Filter>Engine</Filter>
    </ClInclude>
    <ClInclude Include="BreakingBricks\Image.hpp">
      <Filter>Engine</Filter>
    </ClInclude>
    <ClInclude Include="BreakingBricks\ImageButton.hpp">
      <Filter>Engine</Filter>
    </ClInclude>
    <ClInclude Include="BreakingBricks\IObject.hpp">
      <Filter>Engine</Filter>
    </ClInclude>
    <ClInclude Include="BreakingBricks\IScene.hpp">
      <Filter>Engine</Filter>
    </ClInclude>
    <ClInclude Include="BreakingBricks\Label.hpp">
      <Filter>Engine</Filter>
    </ClInclude>
    <ClInclude Include="BreakingBricks\LOG.hpp">
      <Filter>Engine</Filter>
    </ClInclude>
    <ClInclude Include="BreakingBricks\Point.hpp">
      <Filter>Engine</Filter>
    </ClInclude>
    <ClInclude Include="BreakingBricks\Resources.hpp">
      <Filter>Engine</Filter>
    </ClInclude>
    <ClInclude Include="BreakingBricks\Sprite.hpp">
      <Filter>Engine</Filter>
    </ClInclude>
    <ClInclude Include="BreakingBricks\Ball.hpp">
      <Filter>標頭檔</Filter>
    </ClInclude>
    <ClInclude Include="BreakingBricks\AudioHelper.hpp">
      <Filter>Engine</Filter>
    </ClInclude>
    <ClInclude Include="BreakingBricks\ShopScene.hpp">
      <Filter>標頭檔</Filter>
    </ClInclude>
  </ItemGroup>
</Project>